
Microsoft Visual Studio Solution File, Format Version 12.00
# Visual Studio Version 16
VisualStudioVersion = 16.0.29609.76
MinimumVisualStudioVersion = 10.0.40219.1
Project("{FAE04EC0-301F-11D3-BF4B-00C04F79EFBC}") = "ProjectBasic", "ProjectBasic\ProjectBasic.csproj", "{56C94E1B-4365-4404-8FB4-E00E5DC148A7}"
EndProject
Global
	GlobalSection(SolutionConfigurationPlatforms) = preSolution
		Debug|Any CPU = Debug|Any CPU
		Release|Any CPU = Release|Any CPU
	EndGlobalSection
	GlobalSection(ProjectConfigurationPlatforms) = postSolution
		{56C94E1B-4365-4404-8FB4-E00E5DC148A7}.Debug|Any CPU.ActiveCfg = Debug|Any CPU
		{56C94E1B-4365-4404-8FB4-E00E5DC148A7}.Debug|Any CPU.Build.0 = Debug|Any CPU
		{56C94E1B-4365-4404-8FB4-E00E5DC148A7}.Release|Any CPU.ActiveCfg = Release|Any CPU
		{56C94E1B-4365-4404-8FB4-E00E5DC148A7}.Release|Any CPU.Build.0 = Release|Any CPU
	EndGlobalSection
	GlobalSection(SolutionProperties) = preSolution
		HideSolutionNode = FALSE
	EndGlobalSection
	GlobalSection(ExtensibilityGlobals) = postSolution
		SolutionGuid = {B5F7AE28-FF8C-4BDB-8369-91A5F593E259}
	EndGlobalSection
EndGlobal
